
Microsoft Visual Studio Solution File, Format Version 12.00
# Visual Studio Version 16
VisualStudioVersion = 16.0.31515.178
MinimumVisualStudioVersion = 10.0.40219.1
Project("{9A19103F-16F7-4668-BE54-9A1E7A4F7556}") = "TempFileStream", "TempFileStream\TempFileStream.csproj", "{D6C65FD7-F3A5-4775-B260-3EB8A9BBA1DD}"
EndProject
Project("{9A19103F-16F7-4668-BE54-9A1E7A4F7556}") = "TempFileStream.Tests", "TempFileStream.Tests\TempFileStream.Tests.csproj", "{D8C8FB20-B648-4CC3-B679-9704995CBE92}"
EndProject
Project("{2150E333-8FDC-42A3-9474-1A3956D46DE8}") = "Solution Items", "Solution Items", "{2AC2F75E-345D-4F69-9DB6-A2F3F4DBE9FA}"
	ProjectSection(SolutionItems) = preProject
		README.md = README.md
	EndProjectSection
EndProject
Global
	GlobalSection(SolutionConfigurationPlatforms) = preSolution
		Debug|Any CPU = Debug|Any CPU
		Release|Any CPU = Release|Any CPU
	EndGlobalSection
	GlobalSection(ProjectConfigurationPlatforms) = postSolution
		{D6C65FD7-F3A5-4775-B260-3EB8A9BBA1DD}.Debug|Any CPU.ActiveCfg = Debug|Any CPU
		{D6C65FD7-F3A5-4775-B260-3EB8A9BBA1DD}.Debug|Any CPU.Build.0 = Debug|Any CPU
		{D6C65FD7-F3A5-4775-B260-3EB8A9BBA1DD}.Release|Any CPU.ActiveCfg = Release|Any CPU
		{D6C65FD7-F3A5-4775-B260-3EB8A9BBA1DD}.Release|Any CPU.Build.0 = Release|Any CPU
		{D8C8FB20-B648-4CC3-B679-9704995CBE92}.Debug|Any CPU.ActiveCfg = Debug|Any CPU
		{D8C8FB20-B648-4CC3-B679-9704995CBE92}.Debug|Any CPU.Build.0 = Debug|Any CPU
		{D8C8FB20-B648-4CC3-B679-9704995CBE92}.Release|Any CPU.ActiveCfg = Release|Any CPU
		{D8C8FB20-B648-4CC3-B679-9704995CBE92}.Release|Any CPU.Build.0 = Release|Any CPU
	EndGlobalSection
	GlobalSection(SolutionProperties) = preSolution
		HideSolutionNode = FALSE
	EndGlobalSection
	GlobalSection(ExtensibilityGlobals) = postSolution
		SolutionGuid = {7030BFA4-12F8-4321-A557-88095346F7B6}
	EndGlobalSection
EndGlobal
